// !$*UTF8*$!
{
	archiveVersion = 1;
	classes = {
	};
	objectVersion = 50;
	objects = {

/* Begin PBXBuildFile section */
		430728FA22237E4E00A3D227 /* AppDelegate.swift in Sources */ = {isa = PBXBuildFile; fileRef = 430728F922237E4E00A3D227 /* AppDelegate.swift */; };
		430728FF22237E4E00A3D227 /* Main.storyboard in Resources */ = {isa = PBXBuildFile; fileRef = 430728FD22237E4E00A3D227 /* Main.storyboard */; };
		4307290122237E5000A3D227 /* Assets.xcassets in Resources */ = {isa = PBXBuildFile; fileRef = 4307290022237E5000A3D227 /* Assets.xcassets */; };
		4307290422237E5000A3D227 /* LaunchScreen.storyboard in Resources */ = {isa = PBXBuildFile; fileRef = 4307290222237E5000A3D227 /* LaunchScreen.storyboard */; };
		4307290F22237E5000A3D227 /* HomepwnerTests.swift in Sources */ = {isa = PBXBuildFile; fileRef = 4307290E22237E5000A3D227 /* HomepwnerTests.swift */; };
		4307291A22237E5000A3D227 /* HomepwnerUITests.swift in Sources */ = {isa = PBXBuildFile; fileRef = 4307291922237E5000A3D227 /* HomepwnerUITests.swift */; };
		43072928222385FB00A3D227 /* ItemsViewController.swift in Sources */ = {isa = PBXBuildFile; fileRef = 43072927222385FB00A3D227 /* ItemsViewController.swift */; };
		4307292A2223873500A3D227 /* Item.swift in Sources */ = {isa = PBXBuildFile; fileRef = 430729292223873500A3D227 /* Item.swift */; };
		4307292C2223913500A3D227 /* ItemStore.swift in Sources */ = {isa = PBXBuildFile; fileRef = 4307292B2223913500A3D227 /* ItemStore.swift */; };
		4307292E2229FACD00A3D227 /* ItemCell.swift in Sources */ = {isa = PBXBuildFile; fileRef = 4307292D2229FACD00A3D227 /* ItemCell.swift */; };
		43D91E14222B03F000C243A1 /* DetailViewController.swift in Sources */ = {isa = PBXBuildFile; fileRef = 43D91E13222B03F000C243A1 /* DetailViewController.swift */; };
/* End PBXBuildFile section */

/* Begin PBXContainerItemProxy section */
		4307290B22237E5000A3D227 /* PBXContainerItemProxy */ = {
			isa = PBXContainerItemProxy;
			containerPortal = 430728EE22237E4E00A3D227 /* Project object */;
			proxyType = 1;
			remoteGlobalIDString = 430728F522237E4E00A3D227;
			remoteInfo = Homepwner;
		};
		4307291622237E5000A3D227 /* PBXContainerItemProxy */ = {
			isa = PBXContainerItemProxy;
			containerPortal = 430728EE22237E4E00A3D227 /* Project object */;
			proxyType = 1;
			remoteGlobalIDString = 430728F522237E4E00A3D227;
			remoteInfo = Homepwner;
		};
/* End PBXContainerItemProxy section */

/* Begin PBXFileReference section */
		430728F622237E4E00A3D227 /* Homepwner.app */ = {isa = PBXFileReference; explicitFileType = wrapper.application; includeInIndex = 0; path = Homepwner.app; sourceTree = BUILT_PRODUCTS_DIR; };
		430728F922237E4E00A3D227 /* AppDelegate.swift */ = {isa = PBXFileReference; lastKnownFileType = sourcecode.swift; path = AppDelegate.swift; sourceTree = "<group>"; };
		430728FE22237E4E00A3D227 /* Base */ = {isa = PBXFileReference; lastKnownFileType = file.storyboard; name = Base; path = Base.lproj/Main.storyboard; sourceTree = "<group>"; };
		4307290022237E5000A3D227 /* Assets.xcassets */ = {isa = PBXFileReference; lastKnownFileType = folder.assetcatalog; path = Assets.xcassets; sourceTree = "<group>"; };
		4307290322237E5000A3D227 /* Base */ = {isa = PBXFileReference; lastKnownFileType = file.storyboard; name = Base; path = Base.lproj/LaunchScreen.storyboard; sourceTree = "<group>"; };
		4307290522237E5000A3D227 /* Info.plist */ = {isa = PBXFileReference; lastKnownFileType = text.plist.xml; path = Info.plist; sourceTree = "<group>"; };
		4307290A22237E5000A3D227 /* HomepwnerTests.xctest */ = {isa = PBXFileReference; explicitFileType = wrapper.cfbundle; includeInIndex = 0; path = HomepwnerTests.xctest; sourceTree = BUILT_PRODUCTS_DIR; };
		4307290E22237E5000A3D227 /* HomepwnerTests.swift */ = {isa = PBXFileReference; lastKnownFileType = sourcecode.swift; path = HomepwnerTests.swift; sourceTree = "<group>"; };
		4307291022237E5000A3D227 /* Info.plist */ = {isa = PBXFileReference; lastKnownFileType = text.plist.xml; path = Info.plist; sourceTree = "<group>"; };
		4307291522237E5000A3D227 /* HomepwnerUITests.xctest */ = {isa = PBXFileReference; explicitFileType = wrapper.cfbundle; includeInIndex = 0; path = HomepwnerUITests.xctest; sourceTree = BUILT_PRODUCTS_DIR; };
		4307291922237E5000A3D227 /* HomepwnerUITests.swift */ = {isa = PBXFileReference; lastKnownFileType = sourcecode.swift; path = HomepwnerUITests.swift; sourceTree = "<group>"; };
		4307291B22237E5000A3D227 /* Info.plist */ = {isa = PBXFileReference; lastKnownFileType = text.plist.xml; path = Info.plist; sourceTree = "<group>"; };
		43072927222385FB00A3D227 /* ItemsViewController.swift */ = {isa = PBXFileReference; lastKnownFileType = sourcecode.swift; path = ItemsViewController.swift; sourceTree = "<group>"; };
		430729292223873500A3D227 /* Item.swift */ = {isa = PBXFileReference; lastKnownFileType = sourcecode.swift; path = Item.swift; sourceTree = "<group>"; };
		4307292B2223913500A3D227 /* ItemStore.swift */ = {isa = PBXFileReference; lastKnownFileType = sourcecode.swift; path = ItemStore.swift; sourceTree = "<group>"; };
		4307292D2229FACD00A3D227 /* ItemCell.swift */ = {isa = PBXFileReference; lastKnownFileType = sourcecode.swift; path = ItemCell.swift; sourceTree = "<group>"; };
		43D91E13222B03F000C243A1 /* DetailViewController.swift */ = {isa = PBXFileReference; lastKnownFileType = sourcecode.swift; path = DetailViewController.swift; sourceTree = "<group>"; };
/* End PBXFileReference section */

/* Begin PBXFrameworksBuildPhase section */
		430728F322237E4E00A3D227 /* Frameworks */ = {
			isa = PBXFrameworksBuildPhase;
			buildActionMask = 2147483647;
			files = (
			);
			runOnlyForDeploymentPostprocessing = 0;
		};
		4307290722237E5000A3D227 /* Frameworks */ = {
			isa = PBXFrameworksBuildPhase;
			buildActionMask = 2147483647;
			files = (
			);
			runOnlyForDeploymentPostprocessing = 0;
		};
		4307291222237E5000A3D227 /* Frameworks */ = {
			isa = PBXFrameworksBuildPhase;
			buildActionMask = 2147483647;
			files = (
			);
			runOnlyForDeploymentPostprocessing = 0;
		};
/* End PBXFrameworksBuildPhase section */

/* Begin PBXGroup section */
		430728ED22237E4E00A3D227 = {
			isa = PBXGroup;
			children = (
				430728F822237E4E00A3D227 /* Homepwner */,
				4307290D22237E5000A3D227 /* HomepwnerTests */,
				4307291822237E5000A3D227 /* HomepwnerUITests */,
				430728F722237E4E00A3D227 /* Products */,
			);
			sourceTree = "<group>";
		};
		430728F722237E4E00A3D227 /* Products */ = {
			isa = PBXGroup;
			children = (
				430728F622237E4E00A3D227 /* Homepwner.app */,
				4307290A22237E5000A3D227 /* HomepwnerTests.xctest */,
				4307291522237E5000A3D227 /* HomepwnerUITests.xctest */,
			);
			name = Products;
			sourceTree = "<group>";
		};
		430728F822237E4E00A3D227 /* Homepwner */ = {
			isa = PBXGroup;
			children = (
				430728F922237E4E00A3D227 /* AppDelegate.swift */,
				430728FD22237E4E00A3D227 /* Main.storyboard */,
				4307290022237E5000A3D227 /* Assets.xcassets */,
				4307290222237E5000A3D227 /* LaunchScreen.storyboard */,
				4307290522237E5000A3D227 /* Info.plist */,
				43072927222385FB00A3D227 /* ItemsViewController.swift */,
				430729292223873500A3D227 /* Item.swift */,
				4307292B2223913500A3D227 /* ItemStore.swift */,
				4307292D2229FACD00A3D227 /* ItemCell.swift */,
				43D91E13222B03F000C243A1 /* DetailViewController.swift */,
			);
			path = Homepwner;
			sourceTree = "<group>";
		};
		4307290D22237E5000A3D227 /* HomepwnerTests */ = {
			isa = PBXGroup;
			children = (
				4307290E22237E5000A3D227 /* HomepwnerTests.swift */,
				4307291022237E5000A3D227 /* Info.plist */,
			);
			path = HomepwnerTests;
			sourceTree = "<group>";
		};
		4307291822237E5000A3D227 /* HomepwnerUITests */ = {
			isa = PBXGroup;
			children = (
				4307291922237E5000A3D227 /* HomepwnerUITests.swift */,
				4307291B22237E5000A3D227 /* Info.plist */,
			);
			path = HomepwnerUITests;
			sourceTree = "<group>";
		};
/* End PBXGroup section */

/* Begin PBXNativeTarget section */
		430728F522237E4E00A3D227 /* Homepwner */ = {
			isa = PBXNativeTarget;
			buildConfigurationList = 4307291E22237E5000A3D227 /* Build configuration list for PBXNativeTarget "Homepwner" */;
			buildPhases = (
				430728F222237E4E00A3D227 /* Sources */,
				430728F322237E4E00A3D227 /* Frameworks */,
				430728F422237E4E00A3D227 /* Resources */,
			);
			buildRules = (
			);
			dependencies = (
			);
			name = Homepwner;
			productName = Homepwner;
			productReference = 430728F622237E4E00A3D227 /* Homepwner.app */;
			productType = "com.apple.product-type.application";
		};
		4307290922237E5000A3D227 /* HomepwnerTests */ = {
			isa = PBXNativeTarget;
			buildConfigurationList = 4307292122237E5000A3D227 /* Build configuration list for PBXNativeTarget "HomepwnerTests" */;
			buildPhases = (
				4307290622237E5000A3D227 /* Sources */,
				4307290722237E5000A3D227 /* Frameworks */,
				4307290822237E5000A3D227 /* Resources */,
			);
			buildRules = (
			);
			dependencies = (
				4307290C22237E5000A3D227 /* PBXTargetDependency */,
			);
			name = HomepwnerTests;
			productName = HomepwnerTests;
			productReference = 4307290A22237E5000A3D227 /* HomepwnerTests.xctest */;
			productType = "com.apple.product-type.bundle.unit-test";
		};
		4307291422237E5000A3D227 /* HomepwnerUITests */ = {
			isa = PBXNativeTarget;
			buildConfigurationList = 4307292422237E5000A3D227 /* Build configuration list for PBXNativeTarget "HomepwnerUITests" */;
			buildPhases = (
				4307291122237E5000A3D227 /* Sources */,
				4307291222237E5000A3D227 /* Frameworks */,
				4307291322237E5000A3D227 /* Resources */,
			);
			buildRules = (
			);
			dependencies = (
				4307291722237E5000A3D227 /* PBXTargetDependency */,
			);
			name = HomepwnerUITests;
			productName = HomepwnerUITests;
			productReference = 4307291522237E5000A3D227 /* HomepwnerUITests.xctest */;
			productType = "com.apple.product-type.bundle.ui-testing";
		};
/* End PBXNativeTarget section */

/* Begin PBXProject section */
		430728EE22237E4E00A3D227 /* Project object */ = {
			isa = PBXProject;
			attributes = {
				LastSwiftUpdateCheck = 1010;
				LastUpgradeCheck = 1010;
				ORGANIZATIONNAME = "Bogdan Orzea";
				TargetAttributes = {
					430728F522237E4E00A3D227 = {
						CreatedOnToolsVersion = 10.1;
					};
					4307290922237E5000A3D227 = {
						CreatedOnToolsVersion = 10.1;
						TestTargetID = 430728F522237E4E00A3D227;
					};
					4307291422237E5000A3D227 = {
						CreatedOnToolsVersion = 10.1;
						TestTargetID = 430728F522237E4E00A3D227;
					};
				};
			};
			buildConfigurationList = 430728F122237E4E00A3D227 /* Build configuration list for PBXProject "Homepwner" */;
			compatibilityVersion = "Xcode 9.3";
			developmentRegion = en;
			hasScannedForEncodings = 0;
			knownRegions = (
				en,
				Base,
			);
			mainGroup = 430728ED22237E4E00A3D227;
			productRefGroup = 430728F722237E4E00A3D227 /* Products */;
			projectDirPath = "";
			projectRoot = "";
			targets = (
				430728F522237E4E00A3D227 /* Homepwner */,
				4307290922237E5000A3D227 /* HomepwnerTests */,
				4307291422237E5000A3D227 /* HomepwnerUITests */,
			);
		};
/* End PBXProject section */

/* Begin PBXResourcesBuildPhase section */
		430728F422237E4E00A3D227 /* Resources */ = {
			isa = PBXResourcesBuildPhase;
			buildActionMask = 2147483647;
			files = (
				4307290422237E5000A3D227 /* LaunchScreen.storyboard in Resources */,
				4307290122237E5000A3D227 /* Assets.xcassets in Resources */,
				430728FF22237E4E00A3D227 /* Main.storyboard in Resources */,
			);
			runOnlyForDeploymentPostprocessing = 0;
		};
		4307290822237E5000A3D227 /* Resources */ = {
			isa = PBXResourcesBuildPhase;
			buildActionMask = 2147483647;
			files = (
			);
			runOnlyForDeploymentPostprocessing = 0;
		};
		4307291322237E5000A3D227 /* Resources */ = {
			isa = PBXResourcesBuildPhase;
			buildActionMask = 2147483647;
			files = (
			);
			runOnlyForDeploymentPostprocessing = 0;
		};
/* End PBXResourcesBuildPhase section */

/* Begin PBXSourcesBuildPhase section */
		430728F222237E4E00A3D227 /* Sources */ = {
			isa = PBXSourcesBuildPhase;
			buildActionMask = 2147483647;
			files = (
				43072928222385FB00A3D227 /* ItemsViewController.swift in Sources */,
				4307292A2223873500A3D227 /* Item.swift in Sources */,
				4307292C2223913500A3D227 /* ItemStore.swift in Sources */,
				43D91E14222B03F000C243A1 /* DetailViewController.swift in Sources */,
				430728FA22237E4E00A3D227 /* AppDelegate.swift in Sources */,
				4307292E2229FACD00A3D227 /* ItemCell.swift in Sources */,
			);
			runOnlyForDeploymentPostprocessing = 0;
		};
		4307290622237E5000A3D227 /* Sources */ = {
			isa = PBXSourcesBuildPhase;
			buildActionMask = 2147483647;
			files = (
				4307290F22237E5000A3D227 /* HomepwnerTests.swift in Sources */,
			);
			runOnlyForDeploymentPostprocessing = 0;
		};
		4307291122237E5000A3D227 /* Sources */ = {
			isa = PBXSourcesBuildPhase;
			buildActionMask = 2147483647;
			files = (
				4307291A22237E5000A3D227 /* HomepwnerUITests.swift in Sources */,
			);
			runOnlyForDeploymentPostprocessing = 0;
		};
/* End PBXSourcesBuildPhase section */

/* Begin PBXTargetDependency section */
		4307290C22237E5000A3D227 /* PBXTargetDependency */ = {
			isa = PBXTargetDependency;
			target = 430728F522237E4E00A3D227 /* Homepwner */;
			targetProxy = 4307290B22237E5000A3D227 /* PBXContainerItemProxy */;
		};
		4307291722237E5000A3D227 /* PBXTargetDependency */ = {
			isa = PBXTargetDependency;
			target = 430728F522237E4E00A3D227 /* Homepwner */;
			targetProxy = 4307291622237E5000A3D227 /* PBXContainerItemProxy */;
		};
/* End PBXTargetDependency section */

/* Begin PBXVariantGroup section */
		430728FD22237E4E00A3D227 /* Main.storyboard */ = {
			isa = PBXVariantGroup;
			children = (
				430728FE22237E4E00A3D227 /* Base */,
			);
			name = Main.storyboard;
			sourceTree = "<group>";
		};
		4307290222237E5000A3D227 /* LaunchScreen.storyboard */ = {
			isa = PBXVariantGroup;
			children = (
				4307290322237E5000A3D227 /* Base */,
			);
			name = LaunchScreen.storyboard;
			sourceTree = "<group>";
		};
/* End PBXVariantGroup section */

/* Begin XCBuildConfiguration section */
		4307291C22237E5000A3D227 /* Debug */ = {
			isa = XCBuildConfiguration;
			buildSettings = {
				ALWAYS_SEARCH_USER_PATHS = NO;
				CLANG_ANALYZER_NONNULL = YES;
				CLANG_ANALYZER_NUMBER_OBJECT_CONVERSION = YES_AGGRESSIVE;
				CLANG_CXX_LANGUAGE_STANDARD = "gnu++14";
				CLANG_CXX_LIBRARY = "libc++";
				CLANG_ENABLE_MODULES = YES;
				CLANG_ENABLE_OBJC_ARC = YES;
				CLANG_ENABLE_OBJC_WEAK = YES;
				CLANG_WARN_BLOCK_CAPTURE_AUTORELEASING = YES;
				CLANG_WARN_BOOL_CONVERSION = YES;
				CLANG_WARN_COMMA = YES;
				CLANG_WARN_CONSTANT_CONVERSION = YES;
				CLANG_WARN_DEPRECATED_OBJC_IMPLEMENTATIONS = YES;
				CLANG_WARN_DIRECT_OBJC_ISA_USAGE = YES_ERROR;
				CLANG_WARN_DOCUMENTATION_COMMENTS = YES;
				CLANG_WARN_EMPTY_BODY = YES;
				CLANG_WARN_ENUM_CONVERSION = YES;
				CLANG_WARN_INFINITE_RECURSION = YES;
				CLANG_WARN_INT_CONVERSION = YES;
				CLANG_WARN_NON_LITERAL_NULL_CONVERSION = YES;
				CLANG_WARN_OBJC_IMPLICIT_RETAIN_SELF = YES;
				CLANG_WARN_OBJC_LITERAL_CONVERSION = YES;
				CLANG_WARN_OBJC_ROOT_CLASS = YES_ERROR;
				CLANG_WARN_RANGE_LOOP_ANALYSIS = YES;
				CLANG_WARN_STRICT_PROTOTYPES = YES;
				CLANG_WARN_SUSPICIOUS_MOVE = YES;
				CLANG_WARN_UNGUARDED_AVAILABILITY = YES_AGGRESSIVE;
				CLANG_WARN_UNREACHABLE_CODE = YES;
				CLANG_WARN__DUPLICATE_METHOD_MATCH = YES;
				CODE_SIGN_IDENTITY = "iPhone Developer";
				COPY_PHASE_STRIP = NO;
				DEBUG_INFORMATION_FORMAT = dwarf;
				ENABLE_STRICT_OBJC_MSGSEND = YES;
				ENABLE_TESTABILITY = YES;
				GCC_C_LANGUAGE_STANDARD = gnu11;
				GCC_DYNAMIC_NO_PIC = NO;
				GCC_NO_COMMON_BLOCKS = YES;
				GCC_OPTIMIZATION_LEVEL = 0;
				GCC_PREPROCESSOR_DEFINITIONS = (
					"DEBUG=1",
					"$(inherited)",
				);
				GCC_WARN_64_TO_32_BIT_CONVERSION = YES;
				GCC_WARN_ABOUT_RETURN_TYPE = YES_ERROR;
				GCC_WARN_UNDECLARED_SELECTOR = YES;
				GCC_WARN_UNINITIALIZED_AUTOS = YES_AGGRESSIVE;
				GCC_WARN_UNUSED_FUNCTION = YES;
				GCC_WARN_UNUSED_VARIABLE = YES;
				IPHONEOS_DEPLOYMENT_TARGET = 12.1;
				MTL_ENABLE_DEBUG_INFO = INCLUDE_SOURCE;
				MTL_FAST_MATH = YES;
				ONLY_ACTIVE_ARCH = YES;
				SDKROOT = iphoneos;
				SWIFT_ACTIVE_COMPILATION_CONDITIONS = DEBUG;
				SWIFT_OPTIMIZATION_LEVEL = "-Onone";
			};
			name = Debug;
		};
		4307291D22237E5000A3D227 /* Release */ = {
			isa = XCBuildConfiguration;
			buildSettings = {
				ALWAYS_SEARCH_USER_PATHS = NO;
				CLANG_ANALYZER_NONNULL = YES;
				CLANG_ANALYZER_NUMBER_OBJECT_CONVERSION = YES_AGGRESSIVE;
				CLANG_CXX_LANGUAGE_STANDARD = "gnu++14";
				CLANG_CXX_LIBRARY = "libc++";
				CLANG_ENABLE_MODULES = YES;
				CLANG_ENABLE_OBJC_ARC = YES;
				CLANG_ENABLE_OBJC_WEAK = YES;
				CLANG_WARN_BLOCK_CAPTURE_AUTORELEASING = YES;
				CLANG_WARN_BOOL_CONVERSION = YES;
				CLANG_WARN_COMMA = YES;
				CLANG_WARN_CONSTANT_CONVERSION = YES;
				CLANG_WARN_DEPRECATED_OBJC_IMPLEMENTATIONS = YES;
				CLANG_WARN_DIRECT_OBJC_ISA_USAGE = YES_ERROR;
				CLANG_WARN_DOCUMENTATION_COMMENTS = YES;
				CLANG_WARN_EMPTY_BODY = YES;
				CLANG_WARN_ENUM_CONVERSION = YES;
				CLANG_WARN_INFINITE_RECURSION = YES;
				CLANG_WARN_INT_CONVERSION = YES;
				CLANG_WARN_NON_LITERAL_NULL_CONVERSION = YES;
				CLANG_WARN_OBJC_IMPLICIT_RETAIN_SELF = YES;
				CLANG_WARN_OBJC_LITERAL_CONVERSION = YES;
				CLANG_WARN_OBJC_ROOT_CLASS = YES_ERROR;
				CLANG_WARN_RANGE_LOOP_ANALYSIS = YES;
				CLANG_WARN_STRICT_PROTOTYPES = YES;
				CLANG_WARN_SUSPICIOUS_MOVE = YES;
				CLANG_WARN_UNGUARDED_AVAILABILITY = YES_AGGRESSIVE;
				CLANG_WARN_UNREACHABLE_CODE = YES;
				CLANG_WARN__DUPLICATE_METHOD_MATCH = YES;
				CODE_SIGN_IDENTITY = "iPhone Developer";
				COPY_PHASE_STRIP = NO;
				DEBUG_INFORMATION_FORMAT = "dwarf-with-dsym";
				ENABLE_NS_ASSERTIONS = NO;
				ENABLE_STRICT_OBJC_MSGSEND = YES;
				GCC_C_LANGUAGE_STANDARD = gnu11;
				GCC_NO_COMMON_BLOCKS = YES;
				GCC_WARN_64_TO_32_BIT_CONVERSION = YES;
				GCC_WARN_ABOUT_RETURN_TYPE = YES_ERROR;
				GCC_WARN_UNDECLARED_SELECTOR = YES;
				GCC_WARN_UNINITIALIZED_AUTOS = YES_AGGRESSIVE;
				GCC_WARN_UNUSED_FUNCTION = YES;
				GCC_WARN_UNUSED_VARIABLE = YES;
				IPHONEOS_DEPLOYMENT_TARGET = 12.1;
				MTL_ENABLE_DEBUG_INFO = NO;
				MTL_FAST_MATH = YES;
				SDKROOT = iphoneos;
				SWIFT_COMPILATION_MODE = wholemodule;
				SWIFT_OPTIMIZATION_LEVEL = "-O";
				VALIDATE_PRODUCT = YES;
			};
			name = Release;
		};
		4307291F22237E5000A3D227 /* Debug */ = {
			isa = XCBuildConfiguration;
			buildSettings = {
				ASSETCATALOG_COMPILER_APPICON_NAME = AppIcon;
				CODE_SIGN_STYLE = Automatic;
				DEVELOPMENT_TEAM = Z9MVNC5HKU;
				INFOPLIST_FILE = Homepwner/Info.plist;
				LD_RUNPATH_SEARCH_PATHS = (
					"$(inherited)",
					"@executable_path/Frameworks",
				);
				PRODUCT_BUNDLE_IDENTIFIER = com.bogdanorzea.Homepwner;
				PRODUCT_NAME = "$(TARGET_NAME)";
				SWIFT_VERSION = 4.2;
				TARGETED_DEVICE_FAMILY = "1,2";
			};
			name = Debug;
		};
		4307292022237E5000A3D227 /* Release */ = {
			isa = XCBuildConfiguration;
			buildSettings = {
				ASSETCATALOG_COMPILER_APPICON_NAME = AppIcon;
				CODE_SIGN_STYLE = Automatic;
				DEVELOPMENT_TEAM = Z9MVNC5HKU;
				INFOPLIST_FILE = Homepwner/Info.plist;
				LD_RUNPATH_SEARCH_PATHS = (
					"$(inherited)",
					"@executable_path/Frameworks",
				);
				PRODUCT_BUNDLE_IDENTIFIER = com.bogdanorzea.Homepwner;
				PRODUCT_NAME = "$(TARGET_NAME)";
				SWIFT_VERSION = 4.2;
				TARGETED_DEVICE_FAMILY = "1,2";
			};
			name = Release;
		};
		4307292222237E5000A3D227 /* Debug */ = {
			isa = XCBuildConfiguration;
			buildSettings = {
				ALWAYS_EMBED_SWIFT_STANDARD_LIBRARIES = YES;
				BUNDLE_LOADER = "$(TEST_HOST)";
				CODE_SIGN_STYLE = Automatic;
				DEVELOPMENT_TEAM = Z9MVNC5HKU;
				INFOPLIST_FILE = HomepwnerTests/Info.plist;
				LD_RUNPATH_SEARCH_PATHS = (
					"$(inherited)",
					"@executable_path/Frameworks",
					"@loader_path/Frameworks",
				);
				PRODUCT_BUNDLE_IDENTIFIER = com.bogdanorzea.HomepwnerTests;
				PRODUCT_NAME = "$(TARGET_NAME)";
				SWIFT_VERSION = 4.2;
				TARGETED_DEVICE_FAMILY = "1,2";
				TEST_HOST = "$(BUILT_PRODUCTS_DIR)/Homepwner.app/Homepwner";
			};
			name = Debug;
		};
		4307292322237E5000A3D227 /* Release */ = {
			isa = XCBuildConfiguration;
			buildSettings = {
				ALWAYS_EMBED_SWIFT_STANDARD_LIBRARIES = YES;
				BUNDLE_LOADER = "$(TEST_HOST)";
				CODE_SIGN_STYLE = Automatic;
				DEVELOPMENT_TEAM = Z9MVNC5HKU;
				INFOPLIST_FILE = HomepwnerTests/Info.plist;
				LD_RUNPATH_SEARCH_PATHS = (
					"$(inherited)",
					"@executable_path/Frameworks",
					"@loader_path/Frameworks",
				);
				PRODUCT_BUNDLE_IDENTIFIER = com.bogdanorzea.HomepwnerTests;
				PRODUCT_NAME = "$(TARGET_NAME)";
				SWIFT_VERSION = 4.2;
				TARGETED_DEVICE_FAMILY = "1,2";
				TEST_HOST = "$(BUILT_PRODUCTS_DIR)/Homepwner.app/Homepwner";
			};
			name = Release;
		};
		4307292522237E5000A3D227 /* Debug */ = {
			isa = XCBuildConfiguration;
			buildSettings = {
				ALWAYS_EMBED_SWIFT_STANDARD_LIBRARIES = YES;
				CODE_SIGN_STYLE = Automatic;
				DEVELOPMENT_TEAM = Z9MVNC5HKU;
				INFOPLIST_FILE = HomepwnerUITests/Info.plist;
				LD_RUNPATH_SEARCH_PATHS = (
					"$(inherited)",
					"@executable_path/Frameworks",
					"@loader_path/Frameworks",
				);
				PRODUCT_BUNDLE_IDENTIFIER = com.bogdanorzea.HomepwnerUITests;
				PRODUCT_NAME = "$(TARGET_NAME)";
				SWIFT_VERSION = 4.2;
				TARGETED_DEVICE_FAMILY = "1,2";
				TEST_TARGET_NAME = Homepwner;
			};
			name = Debug;
		};
		4307292622237E5000A3D227 /* Release */ = {
			isa = XCBuildConfiguration;
			buildSettings = {
				ALWAYS_EMBED_SWIFT_STANDARD_LIBRARIES = YES;
				CODE_SIGN_STYLE = Automatic;
				DEVELOPMENT_TEAM = Z9MVNC5HKU;
				INFOPLIST_FILE = HomepwnerUITests/Info.plist;
				LD_RUNPATH_SEARCH_PATHS = (
					"$(inherited)",
					"@executable_path/Frameworks",
					"@loader_path/Frameworks",
				);
				PRODUCT_BUNDLE_IDENTIFIER = com.bogdanorzea.HomepwnerUITests;
				PRODUCT_NAME = "$(TARGET_NAME)";
				SWIFT_VERSION = 4.2;
				TARGETED_DEVICE_FAMILY = "1,2";
				TEST_TARGET_NAME = Homepwner;
			};
			name = Release;
		};
/* End XCBuildConfiguration section */

/* Begin XCConfigurationList section */
		430728F122237E4E00A3D227 /* Build configuration list for PBXProject "Homepwner" */ = {
			isa = XCConfigurationList;
			buildConfigurations = (
				4307291C22237E5000A3D227 /* Debug */,
				4307291D22237E5000A3D227 /* Release */,
			);
			defaultConfigurationIsVisible = 0;
			defaultConfigurationName = Release;
		};
		4307291E22237E5000A3D227 /* Build configuration list for PBXNativeTarget "Homepwner" */ = {
			isa = XCConfigurationList;
			buildConfigurations = (
				4307291F22237E5000A3D227 /* Debug */,
				4307292022237E5000A3D227 /* Release */,
			);
			defaultConfigurationIsVisible = 0;
			defaultConfigurationName = Release;
		};
		4307292122237E5000A3D227 /* Build configuration list for PBXNativeTarget "HomepwnerTests" */ = {
			isa = XCConfigurationList;
			buildConfigurations = (
				4307292222237E5000A3D227 /* Debug */,
				4307292322237E5000A3D227 /* Release */,
			);
			defaultConfigurationIsVisible = 0;
			defaultConfigurationName = Release;
		};
		4307292422237E5000A3D227 /* Build configuration list for PBXNativeTarget "HomepwnerUITests" */ = {
			isa = XCConfigurationList;
			buildConfigurations = (
				4307292522237E5000A3D227 /* Debug */,
				4307292622237E5000A3D227 /* Release */,
			);
			defaultConfigurationIsVisible = 0;
			defaultConfigurationName = Release;
		};
/* End XCConfigurationList section */
	};
	rootObject = 430728EE22237E4E00A3D227 /* Project object */;
}
